
Microsoft Visual Studio Solution File, Format Version 12.00
# Visual Studio Version 17
VisualStudioVersion = 17.3.32819.101
MinimumVisualStudioVersion = 10.0.40219.1
Project("{FAE04EC0-301F-11D3-BF4B-00C04F79EFBC}") = "BlazorLazyLoadingApp.Server", "BlazorLazyLoadingApp\Server\BlazorLazyLoadingApp.Server.csproj", "{A6CF31E1-5482-449D-B342-6E01A9FEF186}"
EndProject
Project("{FAE04EC0-301F-11D3-BF4B-00C04F79EFBC}") = "BlazorLazyLoadingApp.Client", "BlazorLazyLoadingApp\Client\BlazorLazyLoadingApp.Client.csproj", "{A0798648-F65C-40CF-B0C1-0F6A39C6A1AD}"
EndProject
Project("{FAE04EC0-301F-11D3-BF4B-00C04F79EFBC}") = "BlazorLazyLoadingApp.Shared", "BlazorLazyLoadingApp\Shared\BlazorLazyLoadingApp.Shared.csproj", "{21F59F04-43EF-452F-A2F2-F5724514794C}"
EndProject
Project("{9A19103F-16F7-4668-BE54-9A1E7A4F7556}") = "BlazorLazyLoadingApp.ServiceProxies", "BlazorLazyLoadingApp\BlazorLazyLoadingApp.ServiceProxies\BlazorLazyLoadingApp.ServiceProxies.csproj", "{0721DFB3-66EF-45F0-A2C1-A2A2330DA8E1}"
EndProject
Project("{9A19103F-16F7-4668-BE54-9A1E7A4F7556}") = "BlazorLazyLoadingApp.Components", "BlazorLazyLoadingApp\BlazorLazyLoadingApp.Components\BlazorLazyLoadingApp.Components.csproj", "{3755ECC9-2E40-4A67-9A3D-32E54C4647BF}"
EndProject
Global
	GlobalSection(SolutionConfigurationPlatforms) = preSolution
		Debug|Any CPU = Debug|Any CPU
		Release|Any CPU = Release|Any CPU
	EndGlobalSection
	GlobalSection(ProjectConfigurationPlatforms) = postSolution
		{A6CF31E1-5482-449D-B342-6E01A9FEF186}.Debug|Any CPU.ActiveCfg = Debug|Any CPU
		{A6CF31E1-5482-449D-B342-6E01A9FEF186}.Debug|Any CPU.Build.0 = Debug|Any CPU
		{A6CF31E1-5482-449D-B342-6E01A9FEF186}.Release|Any CPU.ActiveCfg = Release|Any CPU
		{A6CF31E1-5482-449D-B342-6E01A9FEF186}.Release|Any CPU.Build.0 = Release|Any CPU
		{A0798648-F65C-40CF-B0C1-0F6A39C6A1AD}.Debug|Any CPU.ActiveCfg = Debug|Any CPU
		{A0798648-F65C-40CF-B0C1-0F6A39C6A1AD}.Debug|Any CPU.Build.0 = Debug|Any CPU
		{A0798648-F65C-40CF-B0C1-0F6A39C6A1AD}.Release|Any CPU.ActiveCfg = Release|Any CPU
		{A0798648-F65C-40CF-B0C1-0F6A39C6A1AD}.Release|Any CPU.Build.0 = Release|Any CPU
		{21F59F04-43EF-452F-A2F2-F5724514794C}.Debug|Any CPU.ActiveCfg = Debug|Any CPU
		{21F59F04-43EF-452F-A2F2-F5724514794C}.Debug|Any CPU.Build.0 = Debug|Any CPU
		{21F59F04-43EF-452F-A2F2-F5724514794C}.Release|Any CPU.ActiveCfg = Release|Any CPU
		{21F59F04-43EF-452F-A2F2-F5724514794C}.Release|Any CPU.Build.0 = Release|Any CPU
		{0721DFB3-66EF-45F0-A2C1-A2A2330DA8E1}.Debug|Any CPU.ActiveCfg = Debug|Any CPU
		{0721DFB3-66EF-45F0-A2C1-A2A2330DA8E1}.Debug|Any CPU.Build.0 = Debug|Any CPU
		{0721DFB3-66EF-45F0-A2C1-A2A2330DA8E1}.Release|Any CPU.ActiveCfg = Release|Any CPU
		{0721DFB3-66EF-45F0-A2C1-A2A2330DA8E1}.Release|Any CPU.Build.0 = Release|Any CPU
		{3755ECC9-2E40-4A67-9A3D-32E54C4647BF}.Debug|Any CPU.ActiveCfg = Debug|Any CPU
		{3755ECC9-2E40-4A67-9A3D-32E54C4647BF}.Debug|Any CPU.Build.0 = Debug|Any CPU
		{3755ECC9-2E40-4A67-9A3D-32E54C4647BF}.Release|Any CPU.ActiveCfg = Release|Any CPU
		{3755ECC9-2E40-4A67-9A3D-32E54C4647BF}.Release|Any CPU.Build.0 = Release|Any CPU
	EndGlobalSection
	GlobalSection(SolutionProperties) = preSolution
		HideSolutionNode = FALSE
	EndGlobalSection
	GlobalSection(ExtensibilityGlobals) = postSolution
		SolutionGuid = {4ABD1FCC-9BDF-4C7E-A846-D0EFDBD4F39A}
	EndGlobalSection
EndGlobal
